
Microsoft Visual Studio Solution File, Format Version 12.00
Project("{FAE04EC0-301F-11D3-BF4B-00C04F79EFBC}") = "ApiGateway", "ApiGateway\ApiGateway.csproj", "{809DFE47-99A8-4D89-8B26-317E3146952E}"
EndProject
Global
	GlobalSection(SolutionConfigurationPlatforms) = preSolution
		Debug|Any CPU = Debug|Any CPU
		Release|Any CPU = Release|Any CPU
	EndGlobalSection
	GlobalSection(ProjectConfigurationPlatforms) = postSolution
		{809DFE47-99A8-4D89-8B26-317E3146952E}.Debug|Any CPU.ActiveCfg = Debug|Any CPU
		{809DFE47-99A8-4D89-8B26-317E3146952E}.Debug|Any CPU.Build.0 = Debug|Any CPU
		{809DFE47-99A8-4D89-8B26-317E3146952E}.Release|Any CPU.ActiveCfg = Release|Any CPU
		{809DFE47-99A8-4D89-8B26-317E3146952E}.Release|Any CPU.Build.0 = Release|Any CPU
	EndGlobalSection
EndGlobal
